
Microsoft Visual Studio Solution File, Format Version 12.00
# Visual Studio Version 17
VisualStudioVersion = 17.5.002.0
MinimumVisualStudioVersion = 10.0.40219.1
Project("{9A19103F-16F7-4668-BE54-9A1E7A4F7556}") = "PocketBook", "PocketBook.csproj", "{9DBB8B99-EE0F-470B-90FE-D626955A51A9}"
EndProject
Global
	GlobalSection(SolutionConfigurationPlatforms) = preSolution
		Debug|Any CPU = Debug|Any CPU
		Release|Any CPU = Release|Any CPU
	EndGlobalSection
	GlobalSection(ProjectConfigurationPlatforms) = postSolution
		{9DBB8B99-EE0F-470B-90FE-D626955A51A9}.Debug|Any CPU.ActiveCfg = Debug|Any CPU
		{9DBB8B99-EE0F-470B-90FE-D626955A51A9}.Debug|Any CPU.Build.0 = Debug|Any CPU
		{9DBB8B99-EE0F-470B-90FE-D626955A51A9}.Release|Any CPU.ActiveCfg = Release|Any CPU
		{9DBB8B99-EE0F-470B-90FE-D626955A51A9}.Release|Any CPU.Build.0 = Release|Any CPU
	EndGlobalSection
	GlobalSection(SolutionProperties) = preSolution
		HideSolutionNode = FALSE
	EndGlobalSection
	GlobalSection(ExtensibilityGlobals) = postSolution
		SolutionGuid = {A7E5E064-FA48-4162-A492-99942A744838}
	EndGlobalSection
EndGlobal
